
Microsoft Visual Studio Solution File, Format Version 12.00
# Visual Studio 15
VisualStudioVersion = 15.0.27428.2037
MinimumVisualStudioVersion = 10.0.40219.1
Project("{FAE04EC0-301F-11D3-BF4B-00C04F79EFBC}") = "ExpMenu.Android", "ExpMenu\ExpMenu.Android\ExpMenu.Android.csproj", "{1660E52E-906B-4049-AA6E-6969D7ACF20E}"
EndProject
Project("{FAE04EC0-301F-11D3-BF4B-00C04F79EFBC}") = "ExpMenu.iOS", "ExpMenu\ExpMenu.iOS\ExpMenu.iOS.csproj", "{CA77CA60-806D-4C41-8419-FDEA6B975A68}"
EndProject
Project("{FAE04EC0-301F-11D3-BF4B-00C04F79EFBC}") = "ExpMenu.UWP", "ExpMenu\ExpMenu.UWP\ExpMenu.UWP.csproj", "{76D68421-C88F-40C5-A8DF-0409BF8A4635}"
EndProject
Project("{FAE04EC0-301F-11D3-BF4B-00C04F79EFBC}") = "ExpMenu", "ExpMenu\ExpMenu\ExpMenu.csproj", "{B6C638FF-C982-49D8-8845-03FB136C0C27}"
EndProject
Global
	GlobalSection(SolutionConfigurationPlatforms) = preSolution
		Ad-Hoc|Any CPU = Ad-Hoc|Any CPU
		Ad-Hoc|ARM = Ad-Hoc|ARM
		Ad-Hoc|iPhone = Ad-Hoc|iPhone
		Ad-Hoc|iPhoneSimulator = Ad-Hoc|iPhoneSimulator
		Ad-Hoc|x64 = Ad-Hoc|x64
		Ad-Hoc|x86 = Ad-Hoc|x86
		AppStore|Any CPU = AppStore|Any CPU
		AppStore|ARM = AppStore|ARM
		AppStore|iPhone = AppStore|iPhone
		AppStore|iPhoneSimulator = AppStore|iPhoneSimulator
		AppStore|x64 = AppStore|x64
		AppStore|x86 = AppStore|x86
		Debug|Any CPU = Debug|Any CPU
		Debug|ARM = Debug|ARM
		Debug|iPhone = Debug|iPhone
		Debug|iPhoneSimulator = Debug|iPhoneSimulator
		Debug|x64 = Debug|x64
		Debug|x86 = Debug|x86
		Release|Any CPU = Release|Any CPU
		Release|ARM = Release|ARM
		Release|iPhone = Release|iPhone
		Release|iPhoneSimulator = Release|iPhoneSimulator
		Release|x64 = Release|x64
		Release|x86 = Release|x86
	EndGlobalSection
	GlobalSection(ProjectConfigurationPlatforms) = postSolution
		{1660E52E-906B-4049-AA6E-6969D7ACF20E}.Ad-Hoc|Any CPU.ActiveCfg = Release|Any CPU
		{1660E52E-906B-4049-AA6E-6969D7ACF20E}.Ad-Hoc|Any CPU.Build.0 = Release|Any CPU
		{1660E52E-906B-4049-AA6E-6969D7ACF20E}.Ad-Hoc|Any CPU.Deploy.0 = Release|Any CPU
		{1660E52E-906B-4049-AA6E-6969D7ACF20E}.Ad-Hoc|ARM.ActiveCfg = Release|Any CPU
		{1660E52E-906B-4049-AA6E-6969D7ACF20E}.Ad-Hoc|ARM.Build.0 = Release|Any CPU
		{1660E52E-906B-4049-AA6E-6969D7ACF20E}.Ad-Hoc|ARM.Deploy.0 = Release|Any CPU
		{1660E52E-906B-4049-AA6E-6969D7ACF20E}.Ad-Hoc|iPhone.ActiveCfg = Release|Any CPU
		{1660E52E-906B-4049-AA6E-6969D7ACF20E}.Ad-Hoc|iPhone.Build.0 = Release|Any CPU
		{1660E52E-906B-4049-AA6E-6969D7ACF20E}.Ad-Hoc|iPhone.Deploy.0 = Release|Any CPU
		{1660E52E-906B-4049-AA6E-6969D7ACF20E}.Ad-Hoc|iPhoneSimulator.ActiveCfg = Release|Any CPU
		{1660E52E-906B-4049-AA6E-6969D7ACF20E}.Ad-Hoc|iPhoneSimulator.Build.0 = Release|Any CPU
		{1660E52E-906B-4049-AA6E-6969D7ACF20E}.Ad-Hoc|iPhoneSimulator.Deploy.0 = Release|Any CPU
		{1660E52E-906B-4049-AA6E-6969D7ACF20E}.Ad-Hoc|x64.ActiveCfg = Release|Any CPU
		{1660E52E-906B-4049-AA6E-6969D7ACF20E}.Ad-Hoc|x64.Build.0 = Release|Any CPU
		{1660E52E-906B-4049-AA6E-6969D7ACF20E}.Ad-Hoc|x64.Deploy.0 = Release|Any CPU
		{1660E52E-906B-4049-AA6E-6969D7ACF20E}.Ad-Hoc|x86.ActiveCfg = Release|Any CPU
		{1660E52E-906B-4049-AA6E-6969D7ACF20E}.Ad-Hoc|x86.Build.0 = Release|Any CPU
		{1660E52E-906B-4049-AA6E-6969D7ACF20E}.Ad-Hoc|x86.Deploy.0 = Release|Any CPU
		{1660E52E-906B-4049-AA6E-6969D7ACF20E}.AppStore|Any CPU.ActiveCfg = Release|Any CPU
		{1660E52E-906B-4049-AA6E-6969D7ACF20E}.AppStore|Any CPU.Build.0 = Release|Any CPU
		{1660E52E-906B-4049-AA6E-6969D7ACF20E}.AppStore|Any CPU.Deploy.0 = Release|Any CPU
		{1660E52E-906B-4049-AA6E-6969D7ACF20E}.AppStore|ARM.ActiveCfg = Release|Any CPU
		{1660E52E-906B-4049-AA6E-6969D7ACF20E}.AppStore|ARM.Build.0 = Release|Any CPU
		{1660E52E-906B-4049-AA6E-6969D7ACF20E}.AppStore|ARM.Deploy.0 = Release|Any CPU
		{1660E52E-906B-4049-AA6E-6969D7ACF20E}.AppStore|iPhone.ActiveCfg = Release|Any CPU
		{1660E52E-906B-4049-AA6E-6969D7ACF20E}.AppStore|iPhone.Build.0 = Release|Any CPU
		{1660E52E-906B-4049-AA6E-6969D7ACF20E}.AppStore|iPhone.Deploy.0 = Release|Any CPU
		{1660E52E-906B-4049-AA6E-6969D7ACF20E}.AppStore|iPhoneSimulator.ActiveCfg = Release|Any CPU
		{1660E52E-906B-4049-AA6E-6969D7ACF20E}.AppStore|iPhoneSimulator.Build.0 = Release|Any CPU
		{1660E52E-906B-4049-AA6E-6969D7ACF20E}.AppStore|iPhoneSimulator.Deploy.0 = Release|Any CPU
		{1660E52E-906B-4049-AA6E-6969D7ACF20E}.AppStore|x64.ActiveCfg = Release|Any CPU
		{1660E52E-906B-4049-AA6E-6969D7ACF20E}.AppStore|x64.Build.0 = Release|Any CPU
		{1660E52E-906B-4049-AA6E-6969D7ACF20E}.AppStore|x64.Deploy.0 = Release|Any CPU
		{1660E52E-906B-4049-AA6E-6969D7ACF20E}.AppStore|x86.ActiveCfg = Release|Any CPU
		{1660E52E-906B-4049-AA6E-6969D7ACF20E}.AppStore|x86.Build.0 = Release|Any CPU
		{1660E52E-906B-4049-AA6E-6969D7ACF20E}.AppStore|x86.Deploy.0 = Release|Any CPU
		{1660E52E-906B-4049-AA6E-6969D7ACF20E}.Debug|Any CPU.ActiveCfg = Debug|Any CPU
		{1660E52E-906B-4049-AA6E-6969D7ACF20E}.Debug|Any CPU.Build.0 = Debug|Any CPU
		{1660E52E-906B-4049-AA6E-6969D7ACF20E}.Debug|Any CPU.Deploy.0 = Debug|Any CPU
		{1660E52E-906B-4049-AA6E-6969D7ACF20E}.Debug|ARM.ActiveCfg = Debug|Any CPU
		{1660E52E-906B-4049-AA6E-6969D7ACF20E}.Debug|ARM.Build.0 = Debug|Any CPU
		{1660E52E-906B-4049-AA6E-6969D7ACF20E}.Debug|ARM.Deploy.0 = Debug|Any CPU
		{1660E52E-906B-4049-AA6E-6969D7ACF20E}.Debug|iPhone.ActiveCfg = Debug|Any CPU
		{1660E52E-906B-4049-AA6E-6969D7ACF20E}.Debug|iPhone.Build.0 = Debug|Any CPU
		{1660E52E-906B-4049-AA6E-6969D7ACF20E}.Debug|iPhone.Deploy.0 = Debug|Any CPU
		{1660E52E-906B-4049-AA6E-6969D7ACF20E}.Debug|iPhoneSimulator.ActiveCfg = Debug|Any CPU
		{1660E52E-906B-4049-AA6E-6969D7ACF20E}.Debug|iPhoneSimulator.Build.0 = Debug|Any CPU
		{1660E52E-906B-4049-AA6E-6969D7ACF20E}.Debug|iPhoneSimulator.Deploy.0 = Debug|Any CPU
		{1660E52E-906B-4049-AA6E-6969D7ACF20E}.Debug|x64.ActiveCfg = Debug|Any CPU
		{1660E52E-906B-4049-AA6E-6969D7ACF20E}.Debug|x64.Build.0 = Debug|Any CPU
		{1660E52E-906B-4049-AA6E-6969D7ACF20E}.Debug|x64.Deploy.0 = Debug|Any CPU
		{1660E52E-906B-4049-AA6E-6969D7ACF20E}.Debug|x86.ActiveCfg = Debug|Any CPU
		{1660E52E-906B-4049-AA6E-6969D7ACF20E}.Debug|x86.Build.0 = Debug|Any CPU
		{1660E52E-906B-4049-AA6E-6969D7ACF20E}.Debug|x86.Deploy.0 = Debug|Any CPU
		{1660E52E-906B-4049-AA6E-6969D7ACF20E}.Release|Any CPU.ActiveCfg = Release|Any CPU
		{1660E52E-906B-4049-AA6E-6969D7ACF20E}.Release|Any CPU.Build.0 = Release|Any CPU
		{1660E52E-906B-4049-AA6E-6969D7ACF20E}.Release|Any CPU.Deploy.0 = Release|Any CPU
		{1660E52E-906B-4049-AA6E-6969D7ACF20E}.Release|ARM.ActiveCfg = Release|Any CPU
		{1660E52E-906B-4049-AA6E-6969D7ACF20E}.Release|ARM.Build.0 = Release|Any CPU
		{1660E52E-906B-4049-AA6E-6969D7ACF20E}.Release|ARM.Deploy.0 = Release|Any CPU
		{1660E52E-906B-4049-AA6E-6969D7ACF20E}.Release|iPhone.ActiveCfg = Release|Any CPU
		{1660E52E-906B-4049-AA6E-6969D7ACF20E}.Release|iPhone.Build.0 = Release|Any CPU
		{1660E52E-906B-4049-AA6E-6969D7ACF20E}.Release|iPhone.Deploy.0 = Release|Any CPU
		{1660E52E-906B-4049-AA6E-6969D7ACF20E}.Release|iPhoneSimulator.ActiveCfg = Release|Any CPU
		{1660E52E-906B-4049-AA6E-6969D7ACF20E}.Release|iPhoneSimulator.Build.0 = Release|Any CPU
		{1660E52E-906B-4049-AA6E-6969D7ACF20E}.Release|iPhoneSimulator.Deploy.0 = Release|Any CPU
		{1660E52E-906B-4049-AA6E-6969D7ACF20E}.Release|x64.ActiveCfg = Release|Any CPU
		{1660E52E-906B-4049-AA6E-6969D7ACF20E}.Release|x64.Build.0 = Release|Any CPU
		{1660E52E-906B-4049-AA6E-6969D7ACF20E}.Release|x64.Deploy.0 = Release|Any CPU
		{1660E52E-906B-4049-AA6E-6969D7ACF20E}.Release|x86.ActiveCfg = Release|Any CPU
		{1660E52E-906B-4049-AA6E-6969D7ACF20E}.Release|x86.Build.0 = Release|Any CPU
		{1660E52E-906B-4049-AA6E-6969D7ACF20E}.Release|x86.Deploy.0 = Release|Any CPU
		{CA77CA60-806D-4C41-8419-FDEA6B975A68}.Ad-Hoc|Any CPU.ActiveCfg = Ad-Hoc|iPhone
		{CA77CA60-806D-4C41-8419-FDEA6B975A68}.Ad-Hoc|ARM.ActiveCfg = Ad-Hoc|iPhone
		{CA77CA60-806D-4C41-8419-FDEA6B975A68}.Ad-Hoc|iPhone.ActiveCfg = Ad-Hoc|iPhone
		{CA77CA60-806D-4C41-8419-FDEA6B975A68}.Ad-Hoc|iPhone.Build.0 = Ad-Hoc|iPhone
		{CA77CA60-806D-4C41-8419-FDEA6B975A68}.Ad-Hoc|iPhoneSimulator.ActiveCfg = Ad-Hoc|iPhoneSimulator
		{CA77CA60-806D-4C41-8419-FDEA6B975A68}.Ad-Hoc|iPhoneSimulator.Build.0 = Ad-Hoc|iPhoneSimulator
		{CA77CA60-806D-4C41-8419-FDEA6B975A68}.Ad-Hoc|x64.ActiveCfg = Ad-Hoc|iPhone
		{CA77CA60-806D-4C41-8419-FDEA6B975A68}.Ad-Hoc|x86.ActiveCfg = Ad-Hoc|iPhone
		{CA77CA60-806D-4C41-8419-FDEA6B975A68}.AppStore|Any CPU.ActiveCfg = AppStore|iPhone
		{CA77CA60-806D-4C41-8419-FDEA6B975A68}.AppStore|ARM.ActiveCfg = AppStore|iPhone
		{CA77CA60-806D-4C41-8419-FDEA6B975A68}.AppStore|iPhone.ActiveCfg = AppStore|iPhone
		{CA77CA60-806D-4C41-8419-FDEA6B975A68}.AppStore|iPhone.Build.0 = AppStore|iPhone
		{CA77CA60-806D-4C41-8419-FDEA6B975A68}.AppStore|iPhoneSimulator.ActiveCfg = AppStore|iPhoneSimulator
		{CA77CA60-806D-4C41-8419-FDEA6B975A68}.AppStore|iPhoneSimulator.Build.0 = AppStore|iPhoneSimulator
		{CA77CA60-806D-4C41-8419-FDEA6B975A68}.AppStore|x64.ActiveCfg = AppStore|iPhone
		{CA77CA60-806D-4C41-8419-FDEA6B975A68}.AppStore|x86.ActiveCfg = AppStore|iPhone
		{CA77CA60-806D-4C41-8419-FDEA6B975A68}.Debug|Any CPU.ActiveCfg = Debug|iPhone
		{CA77CA60-806D-4C41-8419-FDEA6B975A68}.Debug|ARM.ActiveCfg = Debug|iPhone
		{CA77CA60-806D-4C41-8419-FDEA6B975A68}.Debug|iPhone.ActiveCfg = Debug|iPhone
		{CA77CA60-806D-4C41-8419-FDEA6B975A68}.Debug|iPhone.Build.0 = Debug|iPhone
		{CA77CA60-806D-4C41-8419-FDEA6B975A68}.Debug|iPhoneSimulator.ActiveCfg = Debug|iPhoneSimulator
		{CA77CA60-806D-4C41-8419-FDEA6B975A68}.Debug|iPhoneSimulator.Build.0 = Debug|iPhoneSimulator
		{CA77CA60-806D-4C41-8419-FDEA6B975A68}.Debug|x64.ActiveCfg = Debug|iPhone
		{CA77CA60-806D-4C41-8419-FDEA6B975A68}.Debug|x86.ActiveCfg = Debug|iPhone
		{CA77CA60-806D-4C41-8419-FDEA6B975A68}.Release|Any CPU.ActiveCfg = Release|iPhone
		{CA77CA60-806D-4C41-8419-FDEA6B975A68}.Release|ARM.ActiveCfg = Release|iPhone
		{CA77CA60-806D-4C41-8419-FDEA6B975A68}.Release|iPhone.ActiveCfg = Release|iPhone
		{CA77CA60-806D-4C41-8419-FDEA6B975A68}.Release|iPhone.Build.0 = Release|iPhone
		{CA77CA60-806D-4C41-8419-FDEA6B975A68}.Release|iPhoneSimulator.ActiveCfg = Release|iPhoneSimulator
		{CA77CA60-806D-4C41-8419-FDEA6B975A68}.Release|iPhoneSimulator.Build.0 = Release|iPhoneSimulator
		{CA77CA60-806D-4C41-8419-FDEA6B975A68}.Release|x64.ActiveCfg = Release|iPhone
		{CA77CA60-806D-4C41-8419-FDEA6B975A68}.Release|x86.ActiveCfg = Release|iPhone
		{76D68421-C88F-40C5-A8DF-0409BF8A4635}.Ad-Hoc|Any CPU.ActiveCfg = Release|x86
		{76D68421-C88F-40C5-A8DF-0409BF8A4635}.Ad-Hoc|Any CPU.Build.0 = Release|x86
		{76D68421-C88F-40C5-A8DF-0409BF8A4635}.Ad-Hoc|Any CPU.Deploy.0 = Release|x86
		{76D68421-C88F-40C5-A8DF-0409BF8A4635}.Ad-Hoc|ARM.ActiveCfg = Release|ARM
		{76D68421-C88F-40C5-A8DF-0409BF8A4635}.Ad-Hoc|ARM.Build.0 = Release|ARM
		{76D68421-C88F-40C5-A8DF-0409BF8A4635}.Ad-Hoc|ARM.Deploy.0 = Release|ARM
		{76D68421-C88F-40C5-A8DF-0409BF8A4635}.Ad-Hoc|iPhone.ActiveCfg = Release|x86
		{76D68421-C88F-40C5-A8DF-0409BF8A4635}.Ad-Hoc|iPhone.Build.0 = Release|x86
		{76D68421-C88F-40C5-A8DF-0409BF8A4635}.Ad-Hoc|iPhone.Deploy.0 = Release|x86
		{76D68421-C88F-40C5-A8DF-0409BF8A4635}.Ad-Hoc|iPhoneSimulator.ActiveCfg = Release|x86
		{76D68421-C88F-40C5-A8DF-0409BF8A4635}.Ad-Hoc|iPhoneSimulator.Build.0 = Release|x86
		{76D68421-C88F-40C5-A8DF-0409BF8A4635}.Ad-Hoc|iPhoneSimulator.Deploy.0 = Release|x86
		{76D68421-C88F-40C5-A8DF-0409BF8A4635}.Ad-Hoc|x64.ActiveCfg = Release|x64
		{76D68421-C88F-40C5-A8DF-0409BF8A4635}.Ad-Hoc|x64.Build.0 = Release|x64
		{76D68421-C88F-40C5-A8DF-0409BF8A4635}.Ad-Hoc|x64.Deploy.0 = Release|x64
		{76D68421-C88F-40C5-A8DF-0409BF8A4635}.Ad-Hoc|x86.ActiveCfg = Release|x86
		{76D68421-C88F-40C5-A8DF-0409BF8A4635}.Ad-Hoc|x86.Build.0 = Release|x86
		{76D68421-C88F-40C5-A8DF-0409BF8A4635}.Ad-Hoc|x86.Deploy.0 = Release|x86
		{76D68421-C88F-40C5-A8DF-0409BF8A4635}.AppStore|Any CPU.ActiveCfg = Release|x86
		{76D68421-C88F-40C5-A8DF-0409BF8A4635}.AppStore|Any CPU.Build.0 = Release|x86
		{76D68421-C88F-40C5-A8DF-0409BF8A4635}.AppStore|Any CPU.Deploy.0 = Release|x86
		{76D68421-C88F-40C5-A8DF-0409BF8A4635}.AppStore|ARM.ActiveCfg = Release|ARM
		{76D68421-C88F-40C5-A8DF-0409BF8A4635}.AppStore|ARM.Build.0 = Release|ARM
		{76D68421-C88F-40C5-A8DF-0409BF8A4635}.AppStore|ARM.Deploy.0 = Release|ARM
		{76D68421-C88F-40C5-A8DF-0409BF8A4635}.AppStore|iPhone.ActiveCfg = Release|x86
		{76D68421-C88F-40C5-A8DF-0409BF8A4635}.AppStore|iPhone.Build.0 = Release|x86
		{76D68421-C88F-40C5-A8DF-0409BF8A4635}.AppStore|iPhone.Deploy.0 = Release|x86
		{76D68421-C88F-40C5-A8DF-0409BF8A4635}.AppStore|iPhoneSimulator.ActiveCfg = Release|x86
		{76D68421-C88F-40C5-A8DF-0409BF8A4635}.AppStore|iPhoneSimulator.Build.0 = Release|x86
		{76D68421-C88F-40C5-A8DF-0409BF8A4635}.AppStore|iPhoneSimulator.Deploy.0 = Release|x86
		{76D68421-C88F-40C5-A8DF-0409BF8A4635}.AppStore|x64.ActiveCfg = Release|x64
		{76D68421-C88F-40C5-A8DF-0409BF8A4635}.AppStore|x64.Build.0 = Release|x64
		{76D68421-C88F-40C5-A8DF-0409BF8A4635}.AppStore|x64.Deploy.0 = Release|x64
		{76D68421-C88F-40C5-A8DF-0409BF8A4635}.AppStore|x86.ActiveCfg = Release|x86
		{76D68421-C88F-40C5-A8DF-0409BF8A4635}.AppStore|x86.Build.0 = Release|x86
		{76D68421-C88F-40C5-A8DF-0409BF8A4635}.AppStore|x86.Deploy.0 = Release|x86
		{76D68421-C88F-40C5-A8DF-0409BF8A4635}.Debug|Any CPU.ActiveCfg = Debug|x86
		{76D68421-C88F-40C5-A8DF-0409BF8A4635}.Debug|ARM.ActiveCfg = Debug|ARM
		{76D68421-C88F-40C5-A8DF-0409BF8A4635}.Debug|ARM.Build.0 = Debug|ARM
		{76D68421-C88F-40C5-A8DF-0409BF8A4635}.Debug|ARM.Deploy.0 = Debug|ARM
		{76D68421-C88F-40C5-A8DF-0409BF8A4635}.Debug|iPhone.ActiveCfg = Debug|x86
		{76D68421-C88F-40C5-A8DF-0409BF8A4635}.Debug|iPhoneSimulator.ActiveCfg = Debug|x86
		{76D68421-C88F-40C5-A8DF-0409BF8A4635}.Debug|x64.ActiveCfg = Debug|x64
		{76D68421-C88F-40C5-A8DF-0409BF8A4635}.Debug|x64.Build.0 = Debug|x64
		{76D68421-C88F-40C5-A8DF-0409BF8A4635}.Debug|x64.Deploy.0 = Debug|x64
		{76D68421-C88F-40C5-A8DF-0409BF8A4635}.Debug|x86.ActiveCfg = Debug|x86
		{76D68421-C88F-40C5-A8DF-0409BF8A4635}.Debug|x86.Build.0 = Debug|x86
		{76D68421-C88F-40C5-A8DF-0409BF8A4635}.Debug|x86.Deploy.0 = Debug|x86
		{76D68421-C88F-40C5-A8DF-0409BF8A4635}.Release|Any CPU.ActiveCfg = Release|x86
		{76D68421-C88F-40C5-A8DF-0409BF8A4635}.Release|ARM.ActiveCfg = Release|ARM
		{76D68421-C88F-40C5-A8DF-0409BF8A4635}.Release|ARM.Build.0 = Release|ARM
		{76D68421-C88F-40C5-A8DF-0409BF8A4635}.Release|ARM.Deploy.0 = Release|ARM
		{76D68421-C88F-40C5-A8DF-0409BF8A4635}.Release|iPhone.ActiveCfg = Release|x86
		{76D68421-C88F-40C5-A8DF-0409BF8A4635}.Release|iPhoneSimulator.ActiveCfg = Release|x86
		{76D68421-C88F-40C5-A8DF-0409BF8A4635}.Release|x64.ActiveCfg = Release|x64
		{76D68421-C88F-40C5-A8DF-0409BF8A4635}.Release|x64.Build.0 = Release|x64
		{76D68421-C88F-40C5-A8DF-0409BF8A4635}.Release|x64.Deploy.0 = Release|x64
		{76D68421-C88F-40C5-A8DF-0409BF8A4635}.Release|x86.ActiveCfg = Release|x86
		{76D68421-C88F-40C5-A8DF-0409BF8A4635}.Release|x86.Build.0 = Release|x86
		{76D68421-C88F-40C5-A8DF-0409BF8A4635}.Release|x86.Deploy.0 = Release|x86
		{B6C638FF-C982-49D8-8845-03FB136C0C27}.Ad-Hoc|Any CPU.ActiveCfg = Debug|Any CPU
		{B6C638FF-C982-49D8-8845-03FB136C0C27}.Ad-Hoc|Any CPU.Build.0 = Debug|Any CPU
		{B6C638FF-C982-49D8-8845-03FB136C0C27}.Ad-Hoc|ARM.ActiveCfg = Debug|Any CPU
		{B6C638FF-C982-49D8-8845-03FB136C0C27}.Ad-Hoc|ARM.Build.0 = Debug|Any CPU
		{B6C638FF-C982-49D8-8845-03FB136C0C27}.Ad-Hoc|iPhone.ActiveCfg = Debug|Any CPU
		{B6C638FF-C982-49D8-8845-03FB136C0C27}.Ad-Hoc|iPhone.Build.0 = Debug|Any CPU
		{B6C638FF-C982-49D8-8845-03FB136C0C27}.Ad-Hoc|iPhoneSimulator.ActiveCfg = Debug|Any CPU
		{B6C638FF-C982-49D8-8845-03FB136C0C27}.Ad-Hoc|iPhoneSimulator.Build.0 = Debug|Any CPU
		{B6C638FF-C982-49D8-8845-03FB136C0C27}.Ad-Hoc|x64.ActiveCfg = Debug|Any CPU
		{B6C638FF-C982-49D8-8845-03FB136C0C27}.Ad-Hoc|x64.Build.0 = Debug|Any CPU
		{B6C638FF-C982-49D8-8845-03FB136C0C27}.Ad-Hoc|x86.ActiveCfg = Debug|Any CPU
		{B6C638FF-C982-49D8-8845-03FB136C0C27}.Ad-Hoc|x86.Build.0 = Debug|Any CPU
		{B6C638FF-C982-49D8-8845-03FB136C0C27}.AppStore|Any CPU.ActiveCfg = Debug|Any CPU
		{B6C638FF-C982-49D8-8845-03FB136C0C27}.AppStore|Any CPU.Build.0 = Debug|Any CPU
		{B6C638FF-C982-49D8-8845-03FB136C0C27}.AppStore|ARM.ActiveCfg = Debug|Any CPU
		{B6C638FF-C982-49D8-8845-03FB136C0C27}.AppStore|ARM.Build.0 = Debug|Any CPU
		{B6C638FF-C982-49D8-8845-03FB136C0C27}.AppStore|iPhone.ActiveCfg = Debug|Any CPU
		{B6C638FF-C982-49D8-8845-03FB136C0C27}.AppStore|iPhone.Build.0 = Debug|Any CPU
		{B6C638FF-C982-49D8-8845-03FB136C0C27}.AppStore|iPhoneSimulator.ActiveCfg = Debug|Any CPU
		{B6C638FF-C982-49D8-8845-03FB136C0C27}.AppStore|iPhoneSimulator.Build.0 = Debug|Any CPU
		{B6C638FF-C982-49D8-8845-03FB136C0C27}.AppStore|x64.ActiveCfg = Debug|Any CPU
		{B6C638FF-C982-49D8-8845-03FB136C0C27}.AppStore|x64.Build.0 = Debug|Any CPU
		{B6C638FF-C982-49D8-8845-03FB136C0C27}.AppStore|x86.ActiveCfg = Debug|Any CPU
		{B6C638FF-C982-49D8-8845-03FB136C0C27}.AppStore|x86.Build.0 = Debug|Any CPU
		{B6C638FF-C982-49D8-8845-03FB136C0C27}.Debug|Any CPU.ActiveCfg = Debug|Any CPU
		{B6C638FF-C982-49D8-8845-03FB136C0C27}.Debug|Any CPU.Build.0 = Debug|Any CPU
		{B6C638FF-C982-49D8-8845-03FB136C0C27}.Debug|ARM.ActiveCfg = Debug|Any CPU
		{B6C638FF-C982-49D8-8845-03FB136C0C27}.Debug|ARM.Build.0 = Debug|Any CPU
		{B6C638FF-C982-49D8-8845-03FB136C0C27}.Debug|iPhone.ActiveCfg = Debug|Any CPU
		{B6C638FF-C982-49D8-8845-03FB136C0C27}.Debug|iPhone.Build.0 = Debug|Any CPU
		{B6C638FF-C982-49D8-8845-03FB136C0C27}.Debug|iPhoneSimulator.ActiveCfg = Debug|Any CPU
		{B6C638FF-C982-49D8-8845-03FB136C0C27}.Debug|iPhoneSimulator.Build.0 = Debug|Any CPU
		{B6C638FF-C982-49D8-8845-03FB136C0C27}.Debug|x64.ActiveCfg = Debug|Any CPU
		{B6C638FF-C982-49D8-8845-03FB136C0C27}.Debug|x64.Build.0 = Debug|Any CPU
		{B6C638FF-C982-49D8-8845-03FB136C0C27}.Debug|x86.ActiveCfg = Debug|Any CPU
		{B6C638FF-C982-49D8-8845-03FB136C0C27}.Debug|x86.Build.0 = Debug|Any CPU
		{B6C638FF-C982-49D8-8845-03FB136C0C27}.Release|Any CPU.ActiveCfg = Release|Any CPU
		{B6C638FF-C982-49D8-8845-03FB136C0C27}.Release|Any CPU.Build.0 = Release|Any CPU
		{B6C638FF-C982-49D8-8845-03FB136C0C27}.Release|ARM.ActiveCfg = Release|Any CPU
		{B6C638FF-C982-49D8-8845-03FB136C0C27}.Release|ARM.Build.0 = Release|Any CPU
		{B6C638FF-C982-49D8-8845-03FB136C0C27}.Release|iPhone.ActiveCfg = Release|Any CPU
		{B6C638FF-C982-49D8-8845-03FB136C0C27}.Release|iPhone.Build.0 = Release|Any CPU
		{B6C638FF-C982-49D8-8845-03FB136C0C27}.Release|iPhoneSimulator.ActiveCfg = Release|Any CPU
		{B6C638FF-C982-49D8-8845-03FB136C0C27}.Release|iPhoneSimulator.Build.0 = Release|Any CPU
		{B6C638FF-C982-49D8-8845-03FB136C0C27}.Release|x64.ActiveCfg = Release|Any CPU
		{B6C638FF-C982-49D8-8845-03FB136C0C27}.Release|x64.Build.0 = Release|Any CPU
		{B6C638FF-C982-49D8-8845-03FB136C0C27}.Release|x86.ActiveCfg = Release|Any CPU
		{B6C638FF-C982-49D8-8845-03FB136C0C27}.Release|x86.Build.0 = Release|Any CPU
	EndGlobalSection
	GlobalSection(SolutionProperties) = preSolution
		HideSolutionNode = FALSE
	EndGlobalSection
	GlobalSection(ExtensibilityGlobals) = postSolution
		SolutionGuid = {3BC740CA-4DD0-48F1-8F94-B63A8D853F1B}
	EndGlobalSection
EndGlobal
